// !$*UTF8*$!
{
	archiveVersion = 1;
	classes = {
	};
	objectVersion = 46;
	objects = {

/* Begin PBXBuildFile section */
		9065C95A1DA148D600EAD5C6 /* AppDelegate.swift in Sources */ = {isa = PBXBuildFile; fileRef = 9065C9591DA148D600EAD5C6 /* AppDelegate.swift */; };
		9065C95C1DA148D600EAD5C6 /* MasterViewController.swift in Sources */ = {isa = PBXBuildFile; fileRef = 9065C95B1DA148D600EAD5C6 /* MasterViewController.swift */; };
		9065C95E1DA148D600EAD5C6 /* DetailViewController.swift in Sources */ = {isa = PBXBuildFile; fileRef = 9065C95D1DA148D600EAD5C6 /* DetailViewController.swift */; };
		9065C9611DA148D600EAD5C6 /* Main.storyboard in Resources */ = {isa = PBXBuildFile; fileRef = 9065C95F1DA148D600EAD5C6 /* Main.storyboard */; };
		9065C9631DA148D600EAD5C6 /* Assets.xcassets in Resources */ = {isa = PBXBuildFile; fileRef = 9065C9621DA148D600EAD5C6 /* Assets.xcassets */; };
		9065C9661DA148D600EAD5C6 /* LaunchScreen.storyboard in Resources */ = {isa = PBXBuildFile; fileRef = 9065C9641DA148D600EAD5C6 /* LaunchScreen.storyboard */; };
/* End PBXBuildFile section */

/* Begin PBXFileReference section */
		9065C9561DA148D600EAD5C6 /* TutsplusFibonacci.app */ = {isa = PBXFileReference; explicitFileType = wrapper.application; includeInIndex = 0; path = TutsplusFibonacci.app; sourceTree = BUILT_PRODUCTS_DIR; };
		9065C9591DA148D600EAD5C6 /* AppDelegate.swift */ = {isa = PBXFileReference; lastKnownFileType = sourcecode.swift; path = AppDelegate.swift; sourceTree = "<group>"; };
		9065C95B1DA148D600EAD5C6 /* MasterViewController.swift */ = {isa = PBXFileReference; lastKnownFileType = sourcecode.swift; path = MasterViewController.swift; sourceTree = "<group>"; };
		9065C95D1DA148D600EAD5C6 /* DetailViewController.swift */ = {isa = PBXFileReference; lastKnownFileType = sourcecode.swift; path = DetailViewController.swift; sourceTree = "<group>"; };
		9065C9601DA148D600EAD5C6 /* Base */ = {isa = PBXFileReference; lastKnownFileType = file.storyboard; name = Base; path = Base.lproj/Main.storyboard; sourceTree = "<group>"; };
		9065C9621DA148D600EAD5C6 /* Assets.xcassets */ = {isa = PBXFileReference; lastKnownFileType = folder.assetcatalog; path = Assets.xcassets; sourceTree = "<group>"; };
		9065C9651DA148D600EAD5C6 /* Base */ = {isa = PBXFileReference; lastKnownFileType = file.storyboard; name = Base; path = Base.lproj/LaunchScreen.storyboard; sourceTree = "<group>"; };
		9065C9671DA148D600EAD5C6 /* Info.plist */ = {isa = PBXFileReference; lastKnownFileType = text.plist.xml; path = Info.plist; sourceTree = "<group>"; };
/* End PBXFileReference section */

/* Begin PBXFrameworksBuildPhase section */
		9065C9531DA148D600EAD5C6 /* Frameworks */ = {
			isa = PBXFrameworksBuildPhase;
			buildActionMask = 2147483647;
			files = (
			);
			runOnlyForDeploymentPostprocessing = 0;
		};
/* End PBXFrameworksBuildPhase section */

/* Begin PBXGroup section */
		9065C94D1DA148D600EAD5C6 = {
			isa = PBXGroup;
			children = (
				9065C9581DA148D600EAD5C6 /* TutsplusFibonacci */,
				9065C9571DA148D600EAD5C6 /* Products */,
			);
			sourceTree = "<group>";
		};
		9065C9571DA148D600EAD5C6 /* Products */ = {
			isa = PBXGroup;
			children = (
				9065C9561DA148D600EAD5C6 /* TutsplusFibonacci.app */,
			);
			name = Products;
			sourceTree = "<group>";
		};
		9065C9581DA148D600EAD5C6 /* TutsplusFibonacci */ = {
			isa = PBXGroup;
			children = (
				9065C9591DA148D600EAD5C6 /* AppDelegate.swift */,
				9065C95B1DA148D600EAD5C6 /* MasterViewController.swift */,
				9065C95D1DA148D600EAD5C6 /* DetailViewController.swift */,
				9065C95F1DA148D600EAD5C6 /* Main.storyboard */,
				9065C9621DA148D600EAD5C6 /* Assets.xcassets */,
				9065C9641DA148D600EAD5C6 /* LaunchScreen.storyboard */,
				9065C9671DA148D600EAD5C6 /* Info.plist */,
			);
			path = TutsplusFibonacci;
			sourceTree = "<group>";
		};
/* End PBXGroup section */

/* Begin PBXNativeTarget section */
		9065C9551DA148D600EAD5C6 /* TutsplusFibonacci */ = {
			isa = PBXNativeTarget;
			buildConfigurationList = 9065C96A1DA148D600EAD5C6 /* Build configuration list for PBXNativeTarget "TutsplusFibonacci" */;
			buildPhases = (
				9065C9521DA148D600EAD5C6 /* Sources */,
				9065C9531DA148D600EAD5C6 /* Frameworks */,
				9065C9541DA148D600EAD5C6 /* Resources */,
			);
			buildRules = (
			);
			dependencies = (
			);
			name = TutsplusFibonacci;
			productName = TutsplusFibonacci;
			productReference = 9065C9561DA148D600EAD5C6 /* TutsplusFibonacci.app */;
			productType = "com.apple.product-type.application";
		};
/* End PBXNativeTarget section */

/* Begin PBXProject section */
		9065C94E1DA148D600EAD5C6 /* Project object */ = {
			isa = PBXProject;
			attributes = {
				LastSwiftUpdateCheck = 0800;
				LastUpgradeCheck = 0800;
				ORGANIZATIONNAME = "Markus Mühlberger";
				TargetAttributes = {
					9065C9551DA148D600EAD5C6 = {
						CreatedOnToolsVersion = 8.0;
						ProvisioningStyle = Automatic;
					};
				};
			};
			buildConfigurationList = 9065C9511DA148D600EAD5C6 /* Build configuration list for PBXProject "TutsplusFibonacci" */;
			compatibilityVersion = "Xcode 3.2";
			developmentRegion = English;
			hasScannedForEncodings = 0;
			knownRegions = (
				en,
				Base,
			);
			mainGroup = 9065C94D1DA148D600EAD5C6;
			productRefGroup = 9065C9571DA148D600EAD5C6 /* Products */;
			projectDirPath = "";
			projectRoot = "";
			targets = (
				9065C9551DA148D600EAD5C6 /* TutsplusFibonacci */,
			);
		};
/* End PBXProject section */

/* Begin PBXResourcesBuildPhase section */
		9065C9541DA148D600EAD5C6 /* Resources */ = {
			isa = PBXResourcesBuildPhase;
			buildActionMask = 2147483647;
			files = (
				9065C9661DA148D600EAD5C6 /* LaunchScreen.storyboard in Resources */,
				9065C9631DA148D600EAD5C6 /* Assets.xcassets in Resources */,
				9065C9611DA148D600EAD5C6 /* Main.storyboard in Resources */,
			);
			runOnlyForDeploymentPostprocessing = 0;
		};
/* End PBXResourcesBuildPhase section */

/* Begin PBXSourcesBuildPhase section */
		9065C9521DA148D600EAD5C6 /* Sources */ = {
			isa = PBXSourcesBuildPhase;
			buildActionMask = 2147483647;
			files = (
				9065C95E1DA148D600EAD5C6 /* DetailViewController.swift in Sources */,
				9065C95C1DA148D600EAD5C6 /* MasterViewController.swift in Sources */,
				9065C95A1DA148D600EAD5C6 /* AppDelegate.swift in Sources */,
			);
			runOnlyForDeploymentPostprocessing = 0;
		};
/* End PBXSourcesBuildPhase section */

/* Begin PBXVariantGroup section */
		9065C95F1DA148D600EAD5C6 /* Main.storyboard */ = {
			isa = PBXVariantGroup;
			children = (
				9065C9601DA148D600EAD5C6 /* Base */,
			);
			name = Main.storyboard;
			sourceTree = "<group>";
		};
		9065C9641DA148D600EAD5C6 /* LaunchScreen.storyboard */ = {
			isa = PBXVariantGroup;
			children = (
				9065C9651DA148D600EAD5C6 /* Base */,
			);
			name = LaunchScreen.storyboard;
			sourceTree = "<group>";
		};
/* End PBXVariantGroup section */

/* Begin XCBuildConfiguration section */
		9065C9681DA148D600EAD5C6 /* Debug */ = {
			isa = XCBuildConfiguration;
			buildSettings = {
				ALWAYS_SEARCH_USER_PATHS = NO;
				CLANG_ANALYZER_NONNULL = YES;
				CLANG_CXX_LANGUAGE_STANDARD = "gnu++0x";
				CLANG_CXX_LIBRARY = "libc++";
				CLANG_ENABLE_MODULES = YES;
				CLANG_ENABLE_OBJC_ARC = YES;
				CLANG_WARN_BOOL_CONVERSION = YES;
				CLANG_WARN_CONSTANT_CONVERSION = YES;
				CLANG_WARN_DIRECT_OBJC_ISA_USAGE = YES_ERROR;
				CLANG_WARN_DOCUMENTATION_COMMENTS = YES;
				CLANG_WARN_EMPTY_BODY = YES;
				CLANG_WARN_ENUM_CONVERSION = YES;
				CLANG_WARN_INFINITE_RECURSION = YES;
				CLANG_WARN_INT_CONVERSION = YES;
				CLANG_WARN_OBJC_ROOT_CLASS = YES_ERROR;
				CLANG_WARN_SUSPICIOUS_MOVES = YES;
				CLANG_WARN_UNREACHABLE_CODE = YES;
				CLANG_WARN__DUPLICATE_METHOD_MATCH = YES;
				"CODE_SIGN_IDENTITY[sdk=iphoneos*]" = "iPhone Developer";
				COPY_PHASE_STRIP = NO;
				DEBUG_INFORMATION_FORMAT = dwarf;
				ENABLE_STRICT_OBJC_MSGSEND = YES;
				ENABLE_TESTABILITY = YES;
				GCC_C_LANGUAGE_STANDARD = gnu99;
				GCC_DYNAMIC_NO_PIC = NO;
				GCC_NO_COMMON_BLOCKS = YES;
				GCC_OPTIMIZATION_LEVEL = 0;
				GCC_PREPROCESSOR_DEFINITIONS = (
					"DEBUG=1",
					"$(inherited)",
				);
				GCC_WARN_64_TO_32_BIT_CONVERSION = YES;
				GCC_WARN_ABOUT_RETURN_TYPE = YES_ERROR;
				GCC_WARN_UNDECLARED_SELECTOR = YES;
				GCC_WARN_UNINITIALIZED_AUTOS = YES_AGGRESSIVE;
				GCC_WARN_UNUSED_FUNCTION = YES;
				GCC_WARN_UNUSED_VARIABLE = YES;
				IPHONEOS_DEPLOYMENT_TARGET = 10.0;
				MTL_ENABLE_DEBUG_INFO = YES;
				ONLY_ACTIVE_ARCH = YES;
				SDKROOT = iphoneos;
				SWIFT_ACTIVE_COMPILATION_CONDITIONS = DEBUG;
				SWIFT_OPTIMIZATION_LEVEL = "-Onone";
			};
			name = Debug;
		};
		9065C9691DA148D600EAD5C6 /* Release */ = {
			isa = XCBuildConfiguration;
			buildSettings = {
				ALWAYS_SEARCH_USER_PATHS = NO;
				CLANG_ANALYZER_NONNULL = YES;
				CLANG_CXX_LANGUAGE_STANDARD = "gnu++0x";
				CLANG_CXX_LIBRARY = "libc++";
				CLANG_ENABLE_MODULES = YES;
				CLANG_ENABLE_OBJC_ARC = YES;
				CLANG_WARN_BOOL_CONVERSION = YES;
				CLANG_WARN_CONSTANT_CONVERSION = YES;
				CLANG_WARN_DIRECT_OBJC_ISA_USAGE = YES_ERROR;
				CLANG_WARN_DOCUMENTATION_COMMENTS = YES;
				CLANG_WARN_EMPTY_BODY = YES;
				CLANG_WARN_ENUM_CONVERSION = YES;
				CLANG_WARN_INFINITE_RECURSION = YES;
				CLANG_WARN_INT_CONVERSION = YES;
				CLANG_WARN_OBJC_ROOT_CLASS = YES_ERROR;
				CLANG_WARN_SUSPICIOUS_MOVES = YES;
				CLANG_WARN_UNREACHABLE_CODE = YES;
				CLANG_WARN__DUPLICATE_METHOD_MATCH = YES;
				"CODE_SIGN_IDENTITY[sdk=iphoneos*]" = "iPhone Developer";
				COPY_PHASE_STRIP = NO;
				DEBUG_INFORMATION_FORMAT = "dwarf-with-dsym";
				ENABLE_NS_ASSERTIONS = NO;
				ENABLE_STRICT_OBJC_MSGSEND = YES;
				GCC_C_LANGUAGE_STANDARD = gnu99;
				GCC_NO_COMMON_BLOCKS = YES;
				GCC_WARN_64_TO_32_BIT_CONVERSION = YES;
				GCC_WARN_ABOUT_RETURN_TYPE = YES_ERROR;
				GCC_WARN_UNDECLARED_SELECTOR = YES;
				GCC_WARN_UNINITIALIZED_AUTOS = YES_AGGRESSIVE;
				GCC_WARN_UNUSED_FUNCTION = YES;
				GCC_WARN_UNUSED_VARIABLE = YES;
				IPHONEOS_DEPLOYMENT_TARGET = 10.0;
				MTL_ENABLE_DEBUG_INFO = NO;
				SDKROOT = iphoneos;
				SWIFT_OPTIMIZATION_LEVEL = "-Owholemodule";
				VALIDATE_PRODUCT = YES;
			};
			name = Release;
		};
		9065C96B1DA148D600EAD5C6 /* Debug */ = {
			isa = XCBuildConfiguration;
			buildSettings = {
				ASSETCATALOG_COMPILER_APPICON_NAME = AppIcon;
				INFOPLIST_FILE = TutsplusFibonacci/Info.plist;
				LD_RUNPATH_SEARCH_PATHS = "$(inherited) @executable_path/Frameworks";
				PRODUCT_BUNDLE_IDENTIFIER = com.mmuehlberger.TutsplusFibonacci;
				PRODUCT_NAME = "$(TARGET_NAME)";
				SWIFT_VERSION = 3.0;
			};
			name = Debug;
		};
		9065C96C1DA148D600EAD5C6 /* Release */ = {
			isa = XCBuildConfiguration;
			buildSettings = {
				ASSETCATALOG_COMPILER_APPICON_NAME = AppIcon;
				INFOPLIST_FILE = TutsplusFibonacci/Info.plist;
				LD_RUNPATH_SEARCH_PATHS = "$(inherited) @executable_path/Frameworks";
				PRODUCT_BUNDLE_IDENTIFIER = com.mmuehlberger.TutsplusFibonacci;
				PRODUCT_NAME = "$(TARGET_NAME)";
				SWIFT_VERSION = 3.0;
			};
			name = Release;
		};
/* End XCBuildConfiguration section */

/* Begin XCConfigurationList section */
		9065C9511DA148D600EAD5C6 /* Build configuration list for PBXProject "TutsplusFibonacci" */ = {
			isa = XCConfigurationList;
			buildConfigurations = (
				9065C9681DA148D600EAD5C6 /* Debug */,
				9065C9691DA148D600EAD5C6 /* Release */,
			);
			defaultConfigurationIsVisible = 0;
			defaultConfigurationName = Release;
		};
		9065C96A1DA148D600EAD5C6 /* Build configuration list for PBXNativeTarget "TutsplusFibonacci" */ = {
			isa = XCConfigurationList;
			buildConfigurations = (
				9065C96B1DA148D600EAD5C6 /* Debug */,
				9065C96C1DA148D600EAD5C6 /* Release */,
			);
			defaultConfigurationIsVisible = 0;
		};
/* End XCConfigurationList section */
	};
	rootObject = 9065C94E1DA148D600EAD5C6 /* Project object */;
}
